
Microsoft Visual Studio Solution File, Format Version 12.00
# Visual Studio Version 17
VisualStudioVersion = 17.5.002.0
MinimumVisualStudioVersion = 10.0.40219.1
Project("{9A19103F-16F7-4668-BE54-9A1E7A4F7556}") = "DaroveroApp", "DaroveroApp.csproj", "{2F26B26F-440D-4155-AA06-9C1E6DB494D0}"
EndProject
Global
	GlobalSection(SolutionConfigurationPlatforms) = preSolution
		Debug|Any CPU = Debug|Any CPU
		Release|Any CPU = Release|Any CPU
	EndGlobalSection
	GlobalSection(ProjectConfigurationPlatforms) = postSolution
		{2F26B26F-440D-4155-AA06-9C1E6DB494D0}.Debug|Any CPU.ActiveCfg = Debug|Any CPU
		{2F26B26F-440D-4155-AA06-9C1E6DB494D0}.Debug|Any CPU.Build.0 = Debug|Any CPU
		{2F26B26F-440D-4155-AA06-9C1E6DB494D0}.Release|Any CPU.ActiveCfg = Release|Any CPU
		{2F26B26F-440D-4155-AA06-9C1E6DB494D0}.Release|Any CPU.Build.0 = Release|Any CPU
	EndGlobalSection
	GlobalSection(SolutionProperties) = preSolution
		HideSolutionNode = FALSE
	EndGlobalSection
	GlobalSection(ExtensibilityGlobals) = postSolution
		SolutionGuid = {F6A6B248-9912-4599-8E9D-AC7B48A1CCAE}
	EndGlobalSection
EndGlobal
